name: Generate Gemfile.lock

on:
  push:
    paths:
      - 'Gemfile'

jobs:
  build:
    runs-on: ubuntu-latest

    steps:
    - name: Checkout code
      uses: actions/checkout@v2

    - name: Set up Ruby
      uses: actions/setup-ruby@v1
      with:
        ruby-version: '3.1' # Ensure this matches your Ruby version

    - name: Install dependencies
      run: |
        gem install bundler
        bundle install

    - name: Commit Gemfile.lock
      run: |
        git config --global user.name 'github-actions'
        git config --global user.email 'github-actions@github.com'
        git add Gemfile.lock
        git commit -m 'Generate Gemfile.lock'
        git push
      env:
        GITHUB_TOKEN: ${{ secrets.GITHUB_TOKEN }}
